
Microsoft Visual Studio Solution File, Format Version 12.00
# Visual Studio Version 17
VisualStudioVersion = 17.0.32112.339
MinimumVisualStudioVersion = 10.0.40219.1
Project("{FAE04EC0-301F-11D3-BF4B-00C04F79EFBC}") = "ConsoleApp24", "ConsoleApp24\ConsoleApp24.csproj", "{EEDB7B82-7746-4318-BD4E-77B0556F1E03}"
EndProject
Global
	GlobalSection(SolutionConfigurationPlatforms) = preSolution
		Debug|Any CPU = Debug|Any CPU
		Release|Any CPU = Release|Any CPU
	EndGlobalSection
	GlobalSection(ProjectConfigurationPlatforms) = postSolution
		{EEDB7B82-7746-4318-BD4E-77B0556F1E03}.Debug|Any CPU.ActiveCfg = Debug|Any CPU
		{EEDB7B82-7746-4318-BD4E-77B0556F1E03}.Debug|Any CPU.Build.0 = Debug|Any CPU
		{EEDB7B82-7746-4318-BD4E-77B0556F1E03}.Release|Any CPU.ActiveCfg = Release|Any CPU
		{EEDB7B82-7746-4318-BD4E-77B0556F1E03}.Release|Any CPU.Build.0 = Release|Any CPU
	EndGlobalSection
	GlobalSection(SolutionProperties) = preSolution
		HideSolutionNode = FALSE
	EndGlobalSection
	GlobalSection(ExtensibilityGlobals) = postSolution
		SolutionGuid = {FBB6E30B-FA09-401C-937C-2FE8AA3C95AD}
	EndGlobalSection
EndGlobal
