
Microsoft Visual Studio Solution File, Format Version 12.00
# Visual Studio Version 17
VisualStudioVersion = 17.0.31912.275
MinimumVisualStudioVersion = 10.0.40219.1
Project("{FAE04EC0-301F-11D3-BF4B-00C04F79EFBC}") = "priklad1", "priklad1\priklad1.csproj", "{C02A01AC-EF4E-4975-80FA-EDAE06C52AB9}"
EndProject
Global
	GlobalSection(SolutionConfigurationPlatforms) = preSolution
		Debug|Any CPU = Debug|Any CPU
		Release|Any CPU = Release|Any CPU
	EndGlobalSection
	GlobalSection(ProjectConfigurationPlatforms) = postSolution
		{C02A01AC-EF4E-4975-80FA-EDAE06C52AB9}.Debug|Any CPU.ActiveCfg = Debug|Any CPU
		{C02A01AC-EF4E-4975-80FA-EDAE06C52AB9}.Debug|Any CPU.Build.0 = Debug|Any CPU
		{C02A01AC-EF4E-4975-80FA-EDAE06C52AB9}.Release|Any CPU.ActiveCfg = Release|Any CPU
		{C02A01AC-EF4E-4975-80FA-EDAE06C52AB9}.Release|Any CPU.Build.0 = Release|Any CPU
	EndGlobalSection
	GlobalSection(SolutionProperties) = preSolution
		HideSolutionNode = FALSE
	EndGlobalSection
	GlobalSection(ExtensibilityGlobals) = postSolution
		SolutionGuid = {3A52BF99-11EA-43B5-B972-873E0330AC8B}
	EndGlobalSection
EndGlobal
