
Microsoft Visual Studio Solution File, Format Version 12.00
# Visual Studio Version 17
VisualStudioVersion = 17.0.31912.275
MinimumVisualStudioVersion = 10.0.40219.1
Project("{FAE04EC0-301F-11D3-BF4B-00C04F79EFBC}") = "ConsoleApp19", "ConsoleApp19\ConsoleApp19.csproj", "{C80CD93D-BC07-4E67-8B85-2AA3E867DA44}"
EndProject
Global
	GlobalSection(SolutionConfigurationPlatforms) = preSolution
		Debug|Any CPU = Debug|Any CPU
		Release|Any CPU = Release|Any CPU
	EndGlobalSection
	GlobalSection(ProjectConfigurationPlatforms) = postSolution
		{C80CD93D-BC07-4E67-8B85-2AA3E867DA44}.Debug|Any CPU.ActiveCfg = Debug|Any CPU
		{C80CD93D-BC07-4E67-8B85-2AA3E867DA44}.Debug|Any CPU.Build.0 = Debug|Any CPU
		{C80CD93D-BC07-4E67-8B85-2AA3E867DA44}.Release|Any CPU.ActiveCfg = Release|Any CPU
		{C80CD93D-BC07-4E67-8B85-2AA3E867DA44}.Release|Any CPU.Build.0 = Release|Any CPU
	EndGlobalSection
	GlobalSection(SolutionProperties) = preSolution
		HideSolutionNode = FALSE
	EndGlobalSection
	GlobalSection(ExtensibilityGlobals) = postSolution
		SolutionGuid = {0E483459-83B6-4C34-8B87-D9157303D8A2}
	EndGlobalSection
EndGlobal
