
Microsoft Visual Studio Solution File, Format Version 12.00
# Visual Studio Version 16
VisualStudioVersion = 16.0.31702.278
MinimumVisualStudioVersion = 10.0.40219.1
Project("{FAE04EC0-301F-11D3-BF4B-00C04F79EFBC}") = "eeeeeeeee", "eeeeeeeee.csproj", "{8484D747-0B4C-4473-8614-62F931F55908}"
EndProject
Global
	GlobalSection(SolutionConfigurationPlatforms) = preSolution
		Debug|Any CPU = Debug|Any CPU
		Release|Any CPU = Release|Any CPU
	EndGlobalSection
	GlobalSection(ProjectConfigurationPlatforms) = postSolution
		{8484D747-0B4C-4473-8614-62F931F55908}.Debug|Any CPU.ActiveCfg = Debug|Any CPU
		{8484D747-0B4C-4473-8614-62F931F55908}.Debug|Any CPU.Build.0 = Debug|Any CPU
		{8484D747-0B4C-4473-8614-62F931F55908}.Release|Any CPU.ActiveCfg = Release|Any CPU
		{8484D747-0B4C-4473-8614-62F931F55908}.Release|Any CPU.Build.0 = Release|Any CPU
	EndGlobalSection
	GlobalSection(SolutionProperties) = preSolution
		HideSolutionNode = FALSE
	EndGlobalSection
	GlobalSection(ExtensibilityGlobals) = postSolution
		SolutionGuid = {E2F7F290-EC04-4F50-B59E-2CFA6F5934CD}
	EndGlobalSection
EndGlobal
