
Microsoft Visual Studio Solution File, Format Version 12.00
# Visual Studio Version 17
VisualStudioVersion = 17.0.32112.339
MinimumVisualStudioVersion = 10.0.40219.1
Project("{FAE04EC0-301F-11D3-BF4B-00C04F79EFBC}") = "ConsoleApp22", "ConsoleApp22\ConsoleApp22.csproj", "{32A36CF9-2096-4218-848F-DC1D08715ACA}"
EndProject
Global
	GlobalSection(SolutionConfigurationPlatforms) = preSolution
		Debug|Any CPU = Debug|Any CPU
		Release|Any CPU = Release|Any CPU
	EndGlobalSection
	GlobalSection(ProjectConfigurationPlatforms) = postSolution
		{32A36CF9-2096-4218-848F-DC1D08715ACA}.Debug|Any CPU.ActiveCfg = Debug|Any CPU
		{32A36CF9-2096-4218-848F-DC1D08715ACA}.Debug|Any CPU.Build.0 = Debug|Any CPU
		{32A36CF9-2096-4218-848F-DC1D08715ACA}.Release|Any CPU.ActiveCfg = Release|Any CPU
		{32A36CF9-2096-4218-848F-DC1D08715ACA}.Release|Any CPU.Build.0 = Release|Any CPU
	EndGlobalSection
	GlobalSection(SolutionProperties) = preSolution
		HideSolutionNode = FALSE
	EndGlobalSection
	GlobalSection(ExtensibilityGlobals) = postSolution
		SolutionGuid = {5A221467-8B0E-4EE4-93A4-D7F3AD353CDD}
	EndGlobalSection
EndGlobal
