
Microsoft Visual Studio Solution File, Format Version 12.00
# Visual Studio Version 17
VisualStudioVersion = 17.3.32929.385
MinimumVisualStudioVersion = 10.0.40219.1
Project("{FAE04EC0-301F-11D3-BF4B-00C04F79EFBC}") = "timer", "timer\timer.csproj", "{24F2372C-F6A8-461F-BEE6-591AA14F5E43}"
EndProject
Global
	GlobalSection(SolutionConfigurationPlatforms) = preSolution
		Debug|Any CPU = Debug|Any CPU
		Release|Any CPU = Release|Any CPU
	EndGlobalSection
	GlobalSection(ProjectConfigurationPlatforms) = postSolution
		{24F2372C-F6A8-461F-BEE6-591AA14F5E43}.Debug|Any CPU.ActiveCfg = Debug|Any CPU
		{24F2372C-F6A8-461F-BEE6-591AA14F5E43}.Debug|Any CPU.Build.0 = Debug|Any CPU
		{24F2372C-F6A8-461F-BEE6-591AA14F5E43}.Release|Any CPU.ActiveCfg = Release|Any CPU
		{24F2372C-F6A8-461F-BEE6-591AA14F5E43}.Release|Any CPU.Build.0 = Release|Any CPU
	EndGlobalSection
	GlobalSection(SolutionProperties) = preSolution
		HideSolutionNode = FALSE
	EndGlobalSection
	GlobalSection(ExtensibilityGlobals) = postSolution
		SolutionGuid = {1167B49C-3202-482D-8034-8A9B039D9C1B}
	EndGlobalSection
EndGlobal
