
Microsoft Visual Studio Solution File, Format Version 12.00
# Visual Studio Version 17
VisualStudioVersion = 17.0.32112.339
MinimumVisualStudioVersion = 10.0.40219.1
Project("{FAE04EC0-301F-11D3-BF4B-00C04F79EFBC}") = "ConsoleApp21", "ConsoleApp21\ConsoleApp21.csproj", "{973F9D89-9573-4AD8-BD26-0D740D4D3C36}"
EndProject
Global
	GlobalSection(SolutionConfigurationPlatforms) = preSolution
		Debug|Any CPU = Debug|Any CPU
		Release|Any CPU = Release|Any CPU
	EndGlobalSection
	GlobalSection(ProjectConfigurationPlatforms) = postSolution
		{973F9D89-9573-4AD8-BD26-0D740D4D3C36}.Debug|Any CPU.ActiveCfg = Debug|Any CPU
		{973F9D89-9573-4AD8-BD26-0D740D4D3C36}.Debug|Any CPU.Build.0 = Debug|Any CPU
		{973F9D89-9573-4AD8-BD26-0D740D4D3C36}.Release|Any CPU.ActiveCfg = Release|Any CPU
		{973F9D89-9573-4AD8-BD26-0D740D4D3C36}.Release|Any CPU.Build.0 = Release|Any CPU
	EndGlobalSection
	GlobalSection(SolutionProperties) = preSolution
		HideSolutionNode = FALSE
	EndGlobalSection
	GlobalSection(ExtensibilityGlobals) = postSolution
		SolutionGuid = {0BCC9294-DE1A-461B-84E7-75C533655F14}
	EndGlobalSection
EndGlobal
