
Microsoft Visual Studio Solution File, Format Version 12.00
# Visual Studio Version 17
VisualStudioVersion = 17.3.32929.385
MinimumVisualStudioVersion = 10.0.40219.1
Project("{FAE04EC0-301F-11D3-BF4B-00C04F79EFBC}") = "WpfApp5", "WpfApp5\WpfApp5.csproj", "{EBC8A1DB-B474-4CD8-BE37-24E13D5A3BDA}"
EndProject
Global
	GlobalSection(SolutionConfigurationPlatforms) = preSolution
		Debug|Any CPU = Debug|Any CPU
		Release|Any CPU = Release|Any CPU
	EndGlobalSection
	GlobalSection(ProjectConfigurationPlatforms) = postSolution
		{EBC8A1DB-B474-4CD8-BE37-24E13D5A3BDA}.Debug|Any CPU.ActiveCfg = Debug|Any CPU
		{EBC8A1DB-B474-4CD8-BE37-24E13D5A3BDA}.Debug|Any CPU.Build.0 = Debug|Any CPU
		{EBC8A1DB-B474-4CD8-BE37-24E13D5A3BDA}.Release|Any CPU.ActiveCfg = Release|Any CPU
		{EBC8A1DB-B474-4CD8-BE37-24E13D5A3BDA}.Release|Any CPU.Build.0 = Release|Any CPU
	EndGlobalSection
	GlobalSection(SolutionProperties) = preSolution
		HideSolutionNode = FALSE
	EndGlobalSection
	GlobalSection(ExtensibilityGlobals) = postSolution
		SolutionGuid = {4CB64A96-1A9A-4849-A15F-C1DF2F9456BE}
	EndGlobalSection
EndGlobal
