
Microsoft Visual Studio Solution File, Format Version 12.00
# Visual Studio Version 17
VisualStudioVersion = 17.3.32929.385
MinimumVisualStudioVersion = 10.0.40219.1
Project("{FAE04EC0-301F-11D3-BF4B-00C04F79EFBC}") = "WpfApp2", "WpfApp2\WpfApp2.csproj", "{8152ABA0-F5B8-4755-A68C-E2E851396BDA}"
EndProject
Global
	GlobalSection(SolutionConfigurationPlatforms) = preSolution
		Debug|Any CPU = Debug|Any CPU
		Release|Any CPU = Release|Any CPU
	EndGlobalSection
	GlobalSection(ProjectConfigurationPlatforms) = postSolution
		{8152ABA0-F5B8-4755-A68C-E2E851396BDA}.Debug|Any CPU.ActiveCfg = Debug|Any CPU
		{8152ABA0-F5B8-4755-A68C-E2E851396BDA}.Debug|Any CPU.Build.0 = Debug|Any CPU
		{8152ABA0-F5B8-4755-A68C-E2E851396BDA}.Release|Any CPU.ActiveCfg = Release|Any CPU
		{8152ABA0-F5B8-4755-A68C-E2E851396BDA}.Release|Any CPU.Build.0 = Release|Any CPU
	EndGlobalSection
	GlobalSection(SolutionProperties) = preSolution
		HideSolutionNode = FALSE
	EndGlobalSection
	GlobalSection(ExtensibilityGlobals) = postSolution
		SolutionGuid = {1341074C-1E26-454C-B3C0-8102B4436D3C}
	EndGlobalSection
EndGlobal
