
Microsoft Visual Studio Solution File, Format Version 12.00
# Visual Studio Version 17
VisualStudioVersion = 17.0.31903.59
MinimumVisualStudioVersion = 10.0.40219.1
Project("{FAE04EC0-301F-11D3-BF4B-00C04F79EFBC}") = "Array", "ConsoleApp8\Array.csproj", "{1BA27669-4109-45F9-B93E-49037F935CF4}"
EndProject
Global
	GlobalSection(SolutionConfigurationPlatforms) = preSolution
		Debug|Any CPU = Debug|Any CPU
		Release|Any CPU = Release|Any CPU
	EndGlobalSection
	GlobalSection(ProjectConfigurationPlatforms) = postSolution
		{1BA27669-4109-45F9-B93E-49037F935CF4}.Debug|Any CPU.ActiveCfg = Debug|Any CPU
		{1BA27669-4109-45F9-B93E-49037F935CF4}.Debug|Any CPU.Build.0 = Debug|Any CPU
		{1BA27669-4109-45F9-B93E-49037F935CF4}.Release|Any CPU.ActiveCfg = Release|Any CPU
		{1BA27669-4109-45F9-B93E-49037F935CF4}.Release|Any CPU.Build.0 = Release|Any CPU
	EndGlobalSection
	GlobalSection(SolutionProperties) = preSolution
		HideSolutionNode = FALSE
	EndGlobalSection
	GlobalSection(ExtensibilityGlobals) = postSolution
		SolutionGuid = {310DAB89-6E78-4FFE-9B3D-73980E3A6DE3}
	EndGlobalSection
EndGlobal
