
Microsoft Visual Studio Solution File, Format Version 12.00
# Visual Studio Version 17
VisualStudioVersion = 17.0.31903.59
MinimumVisualStudioVersion = 10.0.40219.1
Project("{FAE04EC0-301F-11D3-BF4B-00C04F79EFBC}") = "zidan", "zidan\zidan.csproj", "{AD2DA58E-2791-47E0-A0CB-1626D2CB2F03}"
EndProject
Global
	GlobalSection(SolutionConfigurationPlatforms) = preSolution
		Debug|Any CPU = Debug|Any CPU
		Release|Any CPU = Release|Any CPU
	EndGlobalSection
	GlobalSection(ProjectConfigurationPlatforms) = postSolution
		{AD2DA58E-2791-47E0-A0CB-1626D2CB2F03}.Debug|Any CPU.ActiveCfg = Debug|Any CPU
		{AD2DA58E-2791-47E0-A0CB-1626D2CB2F03}.Debug|Any CPU.Build.0 = Debug|Any CPU
		{AD2DA58E-2791-47E0-A0CB-1626D2CB2F03}.Release|Any CPU.ActiveCfg = Release|Any CPU
		{AD2DA58E-2791-47E0-A0CB-1626D2CB2F03}.Release|Any CPU.Build.0 = Release|Any CPU
	EndGlobalSection
	GlobalSection(SolutionProperties) = preSolution
		HideSolutionNode = FALSE
	EndGlobalSection
	GlobalSection(ExtensibilityGlobals) = postSolution
		SolutionGuid = {23BFA5BA-6BAD-4429-B061-3836E60F1DFB}
	EndGlobalSection
EndGlobal
