
Microsoft Visual Studio Solution File, Format Version 12.00
# Visual Studio Version 16
VisualStudioVersion = 16.0.31702.278
MinimumVisualStudioVersion = 10.0.40219.1
Project("{FAE04EC0-301F-11D3-BF4B-00C04F79EFBC}") = "test3", "test3\test3.csproj", "{DC04D95C-8122-46F3-BF05-33C31335FF15}"
EndProject
Global
	GlobalSection(SolutionConfigurationPlatforms) = preSolution
		Debug|Any CPU = Debug|Any CPU
		Release|Any CPU = Release|Any CPU
	EndGlobalSection
	GlobalSection(ProjectConfigurationPlatforms) = postSolution
		{DC04D95C-8122-46F3-BF05-33C31335FF15}.Debug|Any CPU.ActiveCfg = Debug|Any CPU
		{DC04D95C-8122-46F3-BF05-33C31335FF15}.Debug|Any CPU.Build.0 = Debug|Any CPU
		{DC04D95C-8122-46F3-BF05-33C31335FF15}.Release|Any CPU.ActiveCfg = Release|Any CPU
		{DC04D95C-8122-46F3-BF05-33C31335FF15}.Release|Any CPU.Build.0 = Release|Any CPU
	EndGlobalSection
	GlobalSection(SolutionProperties) = preSolution
		HideSolutionNode = FALSE
	EndGlobalSection
	GlobalSection(ExtensibilityGlobals) = postSolution
		SolutionGuid = {F82E332D-6209-409D-8EB3-547ABCCCCD91}
	EndGlobalSection
EndGlobal
