
Microsoft Visual Studio Solution File, Format Version 12.00
# Visual Studio Version 16
VisualStudioVersion = 16.0.31702.278
MinimumVisualStudioVersion = 10.0.40219.1
Project("{FAE04EC0-301F-11D3-BF4B-00C04F79EFBC}") = "6", "6\6.csproj", "{7AC9324B-936E-49A1-9B25-C0CE369BE23E}"
EndProject
Global
	GlobalSection(SolutionConfigurationPlatforms) = preSolution
		Debug|Any CPU = Debug|Any CPU
		Release|Any CPU = Release|Any CPU
	EndGlobalSection
	GlobalSection(ProjectConfigurationPlatforms) = postSolution
		{7AC9324B-936E-49A1-9B25-C0CE369BE23E}.Debug|Any CPU.ActiveCfg = Debug|Any CPU
		{7AC9324B-936E-49A1-9B25-C0CE369BE23E}.Debug|Any CPU.Build.0 = Debug|Any CPU
		{7AC9324B-936E-49A1-9B25-C0CE369BE23E}.Release|Any CPU.ActiveCfg = Release|Any CPU
		{7AC9324B-936E-49A1-9B25-C0CE369BE23E}.Release|Any CPU.Build.0 = Release|Any CPU
	EndGlobalSection
	GlobalSection(SolutionProperties) = preSolution
		HideSolutionNode = FALSE
	EndGlobalSection
	GlobalSection(ExtensibilityGlobals) = postSolution
		SolutionGuid = {94CF111D-E6AE-4B44-9B95-C2D910450F12}
	EndGlobalSection
EndGlobal
