
Microsoft Visual Studio Solution File, Format Version 12.00
# Visual Studio Version 17
VisualStudioVersion = 17.0.31912.275
MinimumVisualStudioVersion = 10.0.40219.1
Project("{FAE04EC0-301F-11D3-BF4B-00C04F79EFBC}") = "for1", "for1\for1.csproj", "{0472C2CC-4A01-48C1-8FC5-62FDEFA45B6F}"
EndProject
Global
	GlobalSection(SolutionConfigurationPlatforms) = preSolution
		Debug|Any CPU = Debug|Any CPU
		Release|Any CPU = Release|Any CPU
	EndGlobalSection
	GlobalSection(ProjectConfigurationPlatforms) = postSolution
		{0472C2CC-4A01-48C1-8FC5-62FDEFA45B6F}.Debug|Any CPU.ActiveCfg = Debug|Any CPU
		{0472C2CC-4A01-48C1-8FC5-62FDEFA45B6F}.Debug|Any CPU.Build.0 = Debug|Any CPU
		{0472C2CC-4A01-48C1-8FC5-62FDEFA45B6F}.Release|Any CPU.ActiveCfg = Release|Any CPU
		{0472C2CC-4A01-48C1-8FC5-62FDEFA45B6F}.Release|Any CPU.Build.0 = Release|Any CPU
	EndGlobalSection
	GlobalSection(SolutionProperties) = preSolution
		HideSolutionNode = FALSE
	EndGlobalSection
	GlobalSection(ExtensibilityGlobals) = postSolution
		SolutionGuid = {53037116-365E-4437-B0A9-726824B59070}
	EndGlobalSection
EndGlobal
