
Microsoft Visual Studio Solution File, Format Version 12.00
# Visual Studio Version 16
VisualStudioVersion = 16.0.31702.278
MinimumVisualStudioVersion = 10.0.40219.1
Project("{FAE04EC0-301F-11D3-BF4B-00C04F79EFBC}") = "znamka", "znamka\znamka.csproj", "{2A35DB7B-9FB0-412B-89AE-CA9AF7EC64D0}"
EndProject
Global
	GlobalSection(SolutionConfigurationPlatforms) = preSolution
		Debug|Any CPU = Debug|Any CPU
		Release|Any CPU = Release|Any CPU
	EndGlobalSection
	GlobalSection(ProjectConfigurationPlatforms) = postSolution
		{2A35DB7B-9FB0-412B-89AE-CA9AF7EC64D0}.Debug|Any CPU.ActiveCfg = Debug|Any CPU
		{2A35DB7B-9FB0-412B-89AE-CA9AF7EC64D0}.Debug|Any CPU.Build.0 = Debug|Any CPU
		{2A35DB7B-9FB0-412B-89AE-CA9AF7EC64D0}.Release|Any CPU.ActiveCfg = Release|Any CPU
		{2A35DB7B-9FB0-412B-89AE-CA9AF7EC64D0}.Release|Any CPU.Build.0 = Release|Any CPU
	EndGlobalSection
	GlobalSection(SolutionProperties) = preSolution
		HideSolutionNode = FALSE
	EndGlobalSection
	GlobalSection(ExtensibilityGlobals) = postSolution
		SolutionGuid = {40D7166C-F4A0-4BA0-BEFB-A342AB2025F1}
	EndGlobalSection
EndGlobal
