
Microsoft Visual Studio Solution File, Format Version 12.00
# Visual Studio Version 17
VisualStudioVersion = 17.3.32929.385
MinimumVisualStudioVersion = 10.0.40219.1
Project("{FAE04EC0-301F-11D3-BF4B-00C04F79EFBC}") = "WpfApp7", "WpfApp7\WpfApp7.csproj", "{085C31A9-AA1B-460D-B9EC-318A07581893}"
EndProject
Global
	GlobalSection(SolutionConfigurationPlatforms) = preSolution
		Debug|Any CPU = Debug|Any CPU
		Release|Any CPU = Release|Any CPU
	EndGlobalSection
	GlobalSection(ProjectConfigurationPlatforms) = postSolution
		{085C31A9-AA1B-460D-B9EC-318A07581893}.Debug|Any CPU.ActiveCfg = Debug|Any CPU
		{085C31A9-AA1B-460D-B9EC-318A07581893}.Debug|Any CPU.Build.0 = Debug|Any CPU
		{085C31A9-AA1B-460D-B9EC-318A07581893}.Release|Any CPU.ActiveCfg = Release|Any CPU
		{085C31A9-AA1B-460D-B9EC-318A07581893}.Release|Any CPU.Build.0 = Release|Any CPU
	EndGlobalSection
	GlobalSection(SolutionProperties) = preSolution
		HideSolutionNode = FALSE
	EndGlobalSection
	GlobalSection(ExtensibilityGlobals) = postSolution
		SolutionGuid = {348A2A45-84B0-47BB-8367-63CF7D34BDD9}
	EndGlobalSection
EndGlobal
