
Microsoft Visual Studio Solution File, Format Version 12.00
# Visual Studio Version 17
VisualStudioVersion = 17.4.33213.308
MinimumVisualStudioVersion = 10.0.40219.1
Project("{FAE04EC0-301F-11D3-BF4B-00C04F79EFBC}") = "WpfApp11", "WpfApp11\WpfApp11.csproj", "{12B7E6EB-6767-4662-8797-A07F0B2F82DF}"
EndProject
Global
	GlobalSection(SolutionConfigurationPlatforms) = preSolution
		Debug|Any CPU = Debug|Any CPU
		Release|Any CPU = Release|Any CPU
	EndGlobalSection
	GlobalSection(ProjectConfigurationPlatforms) = postSolution
		{12B7E6EB-6767-4662-8797-A07F0B2F82DF}.Debug|Any CPU.ActiveCfg = Debug|Any CPU
		{12B7E6EB-6767-4662-8797-A07F0B2F82DF}.Debug|Any CPU.Build.0 = Debug|Any CPU
		{12B7E6EB-6767-4662-8797-A07F0B2F82DF}.Release|Any CPU.ActiveCfg = Release|Any CPU
		{12B7E6EB-6767-4662-8797-A07F0B2F82DF}.Release|Any CPU.Build.0 = Release|Any CPU
	EndGlobalSection
	GlobalSection(SolutionProperties) = preSolution
		HideSolutionNode = FALSE
	EndGlobalSection
	GlobalSection(ExtensibilityGlobals) = postSolution
		SolutionGuid = {F5FA5DA9-0955-4495-AA94-E034A83448D4}
	EndGlobalSection
EndGlobal
