
Microsoft Visual Studio Solution File, Format Version 12.00
# Visual Studio Version 16
VisualStudioVersion = 16.0.31702.278
MinimumVisualStudioVersion = 10.0.40219.1
Project("{FAE04EC0-301F-11D3-BF4B-00C04F79EFBC}") = "Projekt trojúhelník", "Projekt trojúhelník\Projekt trojúhelník.csproj", "{F098DE24-43C3-4928-AF46-C44180FBBEFF}"
EndProject
Global
	GlobalSection(SolutionConfigurationPlatforms) = preSolution
		Debug|Any CPU = Debug|Any CPU
		Release|Any CPU = Release|Any CPU
	EndGlobalSection
	GlobalSection(ProjectConfigurationPlatforms) = postSolution
		{F098DE24-43C3-4928-AF46-C44180FBBEFF}.Debug|Any CPU.ActiveCfg = Debug|Any CPU
		{F098DE24-43C3-4928-AF46-C44180FBBEFF}.Debug|Any CPU.Build.0 = Debug|Any CPU
		{F098DE24-43C3-4928-AF46-C44180FBBEFF}.Release|Any CPU.ActiveCfg = Release|Any CPU
		{F098DE24-43C3-4928-AF46-C44180FBBEFF}.Release|Any CPU.Build.0 = Release|Any CPU
	EndGlobalSection
	GlobalSection(SolutionProperties) = preSolution
		HideSolutionNode = FALSE
	EndGlobalSection
	GlobalSection(ExtensibilityGlobals) = postSolution
		SolutionGuid = {646CACDE-3364-47F3-9F65-5BC2AE17FAB7}
	EndGlobalSection
EndGlobal
