
Microsoft Visual Studio Solution File, Format Version 12.00
# Visual Studio Version 17
VisualStudioVersion = 17.0.31912.275
MinimumVisualStudioVersion = 10.0.40219.1
Project("{FAE04EC0-301F-11D3-BF4B-00C04F79EFBC}") = "a-test2", "a-test2\a-test2.csproj", "{67A81232-3559-4925-ADA8-853132F543FC}"
EndProject
Global
	GlobalSection(SolutionConfigurationPlatforms) = preSolution
		Debug|Any CPU = Debug|Any CPU
		Release|Any CPU = Release|Any CPU
	EndGlobalSection
	GlobalSection(ProjectConfigurationPlatforms) = postSolution
		{67A81232-3559-4925-ADA8-853132F543FC}.Debug|Any CPU.ActiveCfg = Debug|Any CPU
		{67A81232-3559-4925-ADA8-853132F543FC}.Debug|Any CPU.Build.0 = Debug|Any CPU
		{67A81232-3559-4925-ADA8-853132F543FC}.Release|Any CPU.ActiveCfg = Release|Any CPU
		{67A81232-3559-4925-ADA8-853132F543FC}.Release|Any CPU.Build.0 = Release|Any CPU
	EndGlobalSection
	GlobalSection(SolutionProperties) = preSolution
		HideSolutionNode = FALSE
	EndGlobalSection
	GlobalSection(ExtensibilityGlobals) = postSolution
		SolutionGuid = {75B05D42-10CF-4B0D-9562-3685CCAF33A2}
	EndGlobalSection
EndGlobal
