
Microsoft Visual Studio Solution File, Format Version 12.00
# Visual Studio Version 17
VisualStudioVersion = 17.0.32112.339
MinimumVisualStudioVersion = 10.0.40219.1
Project("{FAE04EC0-301F-11D3-BF4B-00C04F79EFBC}") = "gae", "gae\gae.csproj", "{D812B040-0444-4BC2-87E2-45073DCFA500}"
EndProject
Global
	GlobalSection(SolutionConfigurationPlatforms) = preSolution
		Debug|Any CPU = Debug|Any CPU
		Release|Any CPU = Release|Any CPU
	EndGlobalSection
	GlobalSection(ProjectConfigurationPlatforms) = postSolution
		{D812B040-0444-4BC2-87E2-45073DCFA500}.Debug|Any CPU.ActiveCfg = Debug|Any CPU
		{D812B040-0444-4BC2-87E2-45073DCFA500}.Debug|Any CPU.Build.0 = Debug|Any CPU
		{D812B040-0444-4BC2-87E2-45073DCFA500}.Release|Any CPU.ActiveCfg = Release|Any CPU
		{D812B040-0444-4BC2-87E2-45073DCFA500}.Release|Any CPU.Build.0 = Release|Any CPU
	EndGlobalSection
	GlobalSection(SolutionProperties) = preSolution
		HideSolutionNode = FALSE
	EndGlobalSection
	GlobalSection(ExtensibilityGlobals) = postSolution
		SolutionGuid = {AD7B9E9F-169E-4686-B560-CFEE09E83991}
	EndGlobalSection
EndGlobal
