
Microsoft Visual Studio Solution File, Format Version 12.00
# Visual Studio Version 17
VisualStudioVersion = 17.0.32112.339
MinimumVisualStudioVersion = 10.0.40219.1
Project("{FAE04EC0-301F-11D3-BF4B-00C04F79EFBC}") = "ConsoleApp26", "ConsoleApp26\ConsoleApp26.csproj", "{C762AB5B-2CF3-42A2-A96A-557106DF2D39}"
EndProject
Global
	GlobalSection(SolutionConfigurationPlatforms) = preSolution
		Debug|Any CPU = Debug|Any CPU
		Release|Any CPU = Release|Any CPU
	EndGlobalSection
	GlobalSection(ProjectConfigurationPlatforms) = postSolution
		{C762AB5B-2CF3-42A2-A96A-557106DF2D39}.Debug|Any CPU.ActiveCfg = Debug|Any CPU
		{C762AB5B-2CF3-42A2-A96A-557106DF2D39}.Debug|Any CPU.Build.0 = Debug|Any CPU
		{C762AB5B-2CF3-42A2-A96A-557106DF2D39}.Release|Any CPU.ActiveCfg = Release|Any CPU
		{C762AB5B-2CF3-42A2-A96A-557106DF2D39}.Release|Any CPU.Build.0 = Release|Any CPU
	EndGlobalSection
	GlobalSection(SolutionProperties) = preSolution
		HideSolutionNode = FALSE
	EndGlobalSection
	GlobalSection(ExtensibilityGlobals) = postSolution
		SolutionGuid = {86953DC4-52CF-4FCE-830C-28FB5593D1B9}
	EndGlobalSection
EndGlobal
