
Microsoft Visual Studio Solution File, Format Version 12.00
# Visual Studio Version 16
VisualStudioVersion = 16.0.31702.278
MinimumVisualStudioVersion = 10.0.40219.1
Project("{FAE04EC0-301F-11D3-BF4B-00C04F79EFBC}") = "pokracovat", "pokracovat\pokracovat.csproj", "{7C4F94B0-08A6-45F1-A15D-3D27B31673C1}"
EndProject
Global
	GlobalSection(SolutionConfigurationPlatforms) = preSolution
		Debug|Any CPU = Debug|Any CPU
		Release|Any CPU = Release|Any CPU
	EndGlobalSection
	GlobalSection(ProjectConfigurationPlatforms) = postSolution
		{7C4F94B0-08A6-45F1-A15D-3D27B31673C1}.Debug|Any CPU.ActiveCfg = Debug|Any CPU
		{7C4F94B0-08A6-45F1-A15D-3D27B31673C1}.Debug|Any CPU.Build.0 = Debug|Any CPU
		{7C4F94B0-08A6-45F1-A15D-3D27B31673C1}.Release|Any CPU.ActiveCfg = Release|Any CPU
		{7C4F94B0-08A6-45F1-A15D-3D27B31673C1}.Release|Any CPU.Build.0 = Release|Any CPU
	EndGlobalSection
	GlobalSection(SolutionProperties) = preSolution
		HideSolutionNode = FALSE
	EndGlobalSection
	GlobalSection(ExtensibilityGlobals) = postSolution
		SolutionGuid = {6C67E14E-281A-47B3-AC78-D87C0FCEB109}
	EndGlobalSection
EndGlobal
